
Microsoft Visual Studio Solution File, Format Version 12.00
# Visual Studio Version 17
VisualStudioVersion = 17.14.36127.28 d17.14
MinimumVisualStudioVersion = 10.0.40219.1
Project("{FAE04EC0-301F-11D3-BF4B-00C04F79EFBC}") = "Dhtmlx_Practice", "Dhtmlx_Practice.csproj", "{471B09D6-7E6A-439B-B078-A64CB28833B1}"
EndProject
Global
	GlobalSection(SolutionConfigurationPlatforms) = preSolution
		Debug|Any CPU = Debug|Any CPU
		Release|Any CPU = Release|Any CPU
	EndGlobalSection
	GlobalSection(ProjectConfigurationPlatforms) = postSolution
		{471B09D6-7E6A-439B-B078-A64CB28833B1}.Debug|Any CPU.ActiveCfg = Debug|Any CPU
		{471B09D6-7E6A-439B-B078-A64CB28833B1}.Debug|Any CPU.Build.0 = Debug|Any CPU
		{471B09D6-7E6A-439B-B078-A64CB28833B1}.Release|Any CPU.ActiveCfg = Release|Any CPU
		{471B09D6-7E6A-439B-B078-A64CB28833B1}.Release|Any CPU.Build.0 = Release|Any CPU
	EndGlobalSection
	GlobalSection(SolutionProperties) = preSolution
		HideSolutionNode = FALSE
	EndGlobalSection
	GlobalSection(ExtensibilityGlobals) = postSolution
		SolutionGuid = {627B3153-4C33-47A6-B09C-304B80D750E9}
	EndGlobalSection
EndGlobal
